
Microsoft Visual Studio Solution File, Format Version 12.00
# Visual Studio Version 16
VisualStudioVersion = 16.0.29920.165
MinimumVisualStudioVersion = 10.0.40219.1
Project("{FAE04EC0-301F-11D3-BF4B-00C04F79EFBC}") = "Vidly_Udemy_2020", "Vidly_Udemy_2020\Vidly_Udemy_2020.csproj", "{12CCB432-E402-4545-854F-9BC7AA6399C4}"
EndProject
Global
	GlobalSection(SolutionConfigurationPlatforms) = preSolution
		Debug|Any CPU = Debug|Any CPU
		Release|Any CPU = Release|Any CPU
	EndGlobalSection
	GlobalSection(ProjectConfigurationPlatforms) = postSolution
		{12CCB432-E402-4545-854F-9BC7AA6399C4}.Debug|Any CPU.ActiveCfg = Debug|Any CPU
		{12CCB432-E402-4545-854F-9BC7AA6399C4}.Debug|Any CPU.Build.0 = Debug|Any CPU
		{12CCB432-E402-4545-854F-9BC7AA6399C4}.Release|Any CPU.ActiveCfg = Release|Any CPU
		{12CCB432-E402-4545-854F-9BC7AA6399C4}.Release|Any CPU.Build.0 = Release|Any CPU
	EndGlobalSection
	GlobalSection(SolutionProperties) = preSolution
		HideSolutionNode = FALSE
	EndGlobalSection
	GlobalSection(ExtensibilityGlobals) = postSolution
		SolutionGuid = {5F55F371-8C0F-435A-A817-55D6B3DCF179}
	EndGlobalSection
EndGlobal
